
Microsoft Visual Studio Solution File, Format Version 12.00
# Visual Studio 14
VisualStudioVersion = 14.0.23107.0
MinimumVisualStudioVersion = 10.0.40219.1
Project("{FAE04EC0-301F-11D3-BF4B-00C04F79EFBC}") = "Servers", "Servers\Servers.csproj", "{D39BD966-C27E-4F8B-BC8E-8C9475D6A4BA}"
EndProject
Project("{FAE04EC0-301F-11D3-BF4B-00C04F79EFBC}") = "Mode", "Mode\Mode.csproj", "{3AA9C9FF-780B-4D51-B62C-23E6C8B379B5}"
EndProject
Project("{FAE04EC0-301F-11D3-BF4B-00C04F79EFBC}") = "DataBase", "DataBase\DataBase.csproj", "{849407BD-9C11-438B-8FA8-C7D8445B2F73}"
EndProject
Project("{FAE04EC0-301F-11D3-BF4B-00C04F79EFBC}") = "BLL", "BLL\BLL.csproj", "{32C0A1A2-A0A5-4B32-9550-AD84400B1501}"
EndProject
Project("{FAE04EC0-301F-11D3-BF4B-00C04F79EFBC}") = "WebApp", "WebApp\WebApp.csproj", "{8F772682-D3AD-40E4-9E13-280342A19C93}"
EndProject
Project("{FAE04EC0-301F-11D3-BF4B-00C04F79EFBC}") = "Commons", "Commons\Commons.csproj", "{2185EB3B-84A0-457D-A80F-5339A90E47A6}"
EndProject
Project("{FAE04EC0-301F-11D3-BF4B-00C04F79EFBC}") = "SpriderProxy", "SpriderProxy\SpriderProxy.csproj", "{763E72F5-F60F-4311-825A-08DEE502604A}"
EndProject
Project("{2150E333-8FDC-42A3-9474-1A3956D46DE8}") = "Test", "Test", "{14E2FD95-7B48-4229-AC3E-1C10250230C0}"
EndProject
Project("{FAE04EC0-301F-11D3-BF4B-00C04F79EFBC}") = "test", "test\test.csproj", "{D8A73462-E691-431A-9531-DCF6B0C24126}"
EndProject
Project("{2150E333-8FDC-42A3-9474-1A3956D46DE8}") = "App", "App", "{BD53575A-697C-49C2-A5A5-1CBC883FBD4D}"
EndProject
Project("{FAE04EC0-301F-11D3-BF4B-00C04F79EFBC}") = "WebAppClinet", "WebAppClinet\WebAppClinet.csproj", "{0C18E223-6636-4424-BDD9-330653037BB0}"
EndProject
Project("{FAE04EC0-301F-11D3-BF4B-00C04F79EFBC}") = "SpiderFormsApp", "SpiderFormsApp\SpiderFormsApp.csproj", "{8AC94BF6-787B-4AD7-8EF9-9E8CD6039A1B}"
EndProject
Project("{FAE04EC0-301F-11D3-BF4B-00C04F79EFBC}") = "Webznm", "Webznm\Webznm.csproj", "{F2755C81-F812-4811-93F7-48C623ECEDD7}"
EndProject
Project("{FAE04EC0-301F-11D3-BF4B-00C04F79EFBC}") = "PhantomjsDrive", "PhantomjsDrive\PhantomjsDrive.csproj", "{A1767AD1-4DFE-4A03-AF8B-1BF85487ECDE}"
EndProject
Project("{FAE04EC0-301F-11D3-BF4B-00C04F79EFBC}") = "ChangeIPTool", "ChangeIPTool\ChangeIPTool.csproj", "{AAF19AE5-B30E-41E9-A092-75E6C3CA61A6}"
EndProject
Project("{FAE04EC0-301F-11D3-BF4B-00C04F79EFBC}") = "SpiderWinService", "SpiderWinService\SpiderWinService.csproj", "{8EDA8D74-93C5-4AE9-8500-9658E29BCE22}"
EndProject
Global
	GlobalSection(SolutionConfigurationPlatforms) = preSolution
		Debug|Any CPU = Debug|Any CPU
		Release|Any CPU = Release|Any CPU
	EndGlobalSection
	GlobalSection(ProjectConfigurationPlatforms) = postSolution
		{D39BD966-C27E-4F8B-BC8E-8C9475D6A4BA}.Debug|Any CPU.ActiveCfg = Debug|Any CPU
		{D39BD966-C27E-4F8B-BC8E-8C9475D6A4BA}.Debug|Any CPU.Build.0 = Debug|Any CPU
		{D39BD966-C27E-4F8B-BC8E-8C9475D6A4BA}.Release|Any CPU.ActiveCfg = Release|Any CPU
		{D39BD966-C27E-4F8B-BC8E-8C9475D6A4BA}.Release|Any CPU.Build.0 = Release|Any CPU
		{3AA9C9FF-780B-4D51-B62C-23E6C8B379B5}.Debug|Any CPU.ActiveCfg = Debug|Any CPU
		{3AA9C9FF-780B-4D51-B62C-23E6C8B379B5}.Debug|Any CPU.Build.0 = Debug|Any CPU
		{3AA9C9FF-780B-4D51-B62C-23E6C8B379B5}.Release|Any CPU.ActiveCfg = Release|Any CPU
		{3AA9C9FF-780B-4D51-B62C-23E6C8B379B5}.Release|Any CPU.Build.0 = Release|Any CPU
		{849407BD-9C11-438B-8FA8-C7D8445B2F73}.Debug|Any CPU.ActiveCfg = Debug|Any CPU
		{849407BD-9C11-438B-8FA8-C7D8445B2F73}.Debug|Any CPU.Build.0 = Debug|Any CPU
		{849407BD-9C11-438B-8FA8-C7D8445B2F73}.Release|Any CPU.ActiveCfg = Release|Any CPU
		{849407BD-9C11-438B-8FA8-C7D8445B2F73}.Release|Any CPU.Build.0 = Release|Any CPU
		{32C0A1A2-A0A5-4B32-9550-AD84400B1501}.Debug|Any CPU.ActiveCfg = Debug|Any CPU
		{32C0A1A2-A0A5-4B32-9550-AD84400B1501}.Debug|Any CPU.Build.0 = Debug|Any CPU
		{32C0A1A2-A0A5-4B32-9550-AD84400B1501}.Release|Any CPU.ActiveCfg = Release|Any CPU
		{32C0A1A2-A0A5-4B32-9550-AD84400B1501}.Release|Any CPU.Build.0 = Release|Any CPU
		{8F772682-D3AD-40E4-9E13-280342A19C93}.Debug|Any CPU.ActiveCfg = Debug|Any CPU
		{8F772682-D3AD-40E4-9E13-280342A19C93}.Debug|Any CPU.Build.0 = Debug|Any CPU
		{8F772682-D3AD-40E4-9E13-280342A19C93}.Release|Any CPU.ActiveCfg = Release|Any CPU
		{8F772682-D3AD-40E4-9E13-280342A19C93}.Release|Any CPU.Build.0 = Release|Any CPU
		{2185EB3B-84A0-457D-A80F-5339A90E47A6}.Debug|Any CPU.ActiveCfg = Debug|Any CPU
		{2185EB3B-84A0-457D-A80F-5339A90E47A6}.Debug|Any CPU.Build.0 = Debug|Any CPU
		{2185EB3B-84A0-457D-A80F-5339A90E47A6}.Release|Any CPU.ActiveCfg = Release|Any CPU
		{2185EB3B-84A0-457D-A80F-5339A90E47A6}.Release|Any CPU.Build.0 = Release|Any CPU
		{763E72F5-F60F-4311-825A-08DEE502604A}.Debug|Any CPU.ActiveCfg = Debug|Any CPU
		{763E72F5-F60F-4311-825A-08DEE502604A}.Debug|Any CPU.Build.0 = Debug|Any CPU
		{763E72F5-F60F-4311-825A-08DEE502604A}.Release|Any CPU.ActiveCfg = Release|Any CPU
		{763E72F5-F60F-4311-825A-08DEE502604A}.Release|Any CPU.Build.0 = Release|Any CPU
		{D8A73462-E691-431A-9531-DCF6B0C24126}.Debug|Any CPU.ActiveCfg = Debug|Any CPU
		{D8A73462-E691-431A-9531-DCF6B0C24126}.Debug|Any CPU.Build.0 = Debug|Any CPU
		{D8A73462-E691-431A-9531-DCF6B0C24126}.Release|Any CPU.ActiveCfg = Release|Any CPU
		{D8A73462-E691-431A-9531-DCF6B0C24126}.Release|Any CPU.Build.0 = Release|Any CPU
		{0C18E223-6636-4424-BDD9-330653037BB0}.Debug|Any CPU.ActiveCfg = Debug|Any CPU
		{0C18E223-6636-4424-BDD9-330653037BB0}.Debug|Any CPU.Build.0 = Debug|Any CPU
		{0C18E223-6636-4424-BDD9-330653037BB0}.Release|Any CPU.ActiveCfg = Release|Any CPU
		{0C18E223-6636-4424-BDD9-330653037BB0}.Release|Any CPU.Build.0 = Release|Any CPU
		{8AC94BF6-787B-4AD7-8EF9-9E8CD6039A1B}.Debug|Any CPU.ActiveCfg = Debug|Any CPU
		{8AC94BF6-787B-4AD7-8EF9-9E8CD6039A1B}.Debug|Any CPU.Build.0 = Debug|Any CPU
		{8AC94BF6-787B-4AD7-8EF9-9E8CD6039A1B}.Release|Any CPU.ActiveCfg = Release|Any CPU
		{8AC94BF6-787B-4AD7-8EF9-9E8CD6039A1B}.Release|Any CPU.Build.0 = Release|Any CPU
		{F2755C81-F812-4811-93F7-48C623ECEDD7}.Debug|Any CPU.ActiveCfg = Debug|Any CPU
		{F2755C81-F812-4811-93F7-48C623ECEDD7}.Debug|Any CPU.Build.0 = Debug|Any CPU
		{F2755C81-F812-4811-93F7-48C623ECEDD7}.Release|Any CPU.ActiveCfg = Release|Any CPU
		{F2755C81-F812-4811-93F7-48C623ECEDD7}.Release|Any CPU.Build.0 = Release|Any CPU
		{A1767AD1-4DFE-4A03-AF8B-1BF85487ECDE}.Debug|Any CPU.ActiveCfg = Debug|Any CPU
		{A1767AD1-4DFE-4A03-AF8B-1BF85487ECDE}.Debug|Any CPU.Build.0 = Debug|Any CPU
		{A1767AD1-4DFE-4A03-AF8B-1BF85487ECDE}.Release|Any CPU.ActiveCfg = Release|Any CPU
		{A1767AD1-4DFE-4A03-AF8B-1BF85487ECDE}.Release|Any CPU.Build.0 = Release|Any CPU
		{AAF19AE5-B30E-41E9-A092-75E6C3CA61A6}.Debug|Any CPU.ActiveCfg = Debug|Any CPU
		{AAF19AE5-B30E-41E9-A092-75E6C3CA61A6}.Debug|Any CPU.Build.0 = Debug|Any CPU
		{AAF19AE5-B30E-41E9-A092-75E6C3CA61A6}.Release|Any CPU.ActiveCfg = Release|Any CPU
		{AAF19AE5-B30E-41E9-A092-75E6C3CA61A6}.Release|Any CPU.Build.0 = Release|Any CPU
		{8EDA8D74-93C5-4AE9-8500-9658E29BCE22}.Debug|Any CPU.ActiveCfg = Debug|Any CPU
		{8EDA8D74-93C5-4AE9-8500-9658E29BCE22}.Debug|Any CPU.Build.0 = Debug|Any CPU
		{8EDA8D74-93C5-4AE9-8500-9658E29BCE22}.Release|Any CPU.ActiveCfg = Release|Any CPU
		{8EDA8D74-93C5-4AE9-8500-9658E29BCE22}.Release|Any CPU.Build.0 = Release|Any CPU
	EndGlobalSection
	GlobalSection(SolutionProperties) = preSolution
		HideSolutionNode = FALSE
	EndGlobalSection
	GlobalSection(NestedProjects) = preSolution
		{8F772682-D3AD-40E4-9E13-280342A19C93} = {BD53575A-697C-49C2-A5A5-1CBC883FBD4D}
		{D8A73462-E691-431A-9531-DCF6B0C24126} = {14E2FD95-7B48-4229-AC3E-1C10250230C0}
		{0C18E223-6636-4424-BDD9-330653037BB0} = {BD53575A-697C-49C2-A5A5-1CBC883FBD4D}
		{8AC94BF6-787B-4AD7-8EF9-9E8CD6039A1B} = {BD53575A-697C-49C2-A5A5-1CBC883FBD4D}
		{F2755C81-F812-4811-93F7-48C623ECEDD7} = {BD53575A-697C-49C2-A5A5-1CBC883FBD4D}
		{A1767AD1-4DFE-4A03-AF8B-1BF85487ECDE} = {BD53575A-697C-49C2-A5A5-1CBC883FBD4D}
		{AAF19AE5-B30E-41E9-A092-75E6C3CA61A6} = {BD53575A-697C-49C2-A5A5-1CBC883FBD4D}
		{8EDA8D74-93C5-4AE9-8500-9658E29BCE22} = {BD53575A-697C-49C2-A5A5-1CBC883FBD4D}
	EndGlobalSection
EndGlobal
